<?xml version="1.0" encoding="utf-8"?>
<Project ToolsVersion="4.0" xmlns="http://schemas.microsoft.com/developer/msbuild/2003">
  <ItemGroup>
    <Filter Include="Source Files">
      <UniqueIdentifier>{4FC737F1-C7A5-4376-A066-2A32D752A2FF}</UniqueIdentifier>
      <Extensions>cpp;c;cc;cxx;def;odl;idl;hpj;bat;asm;asmx</Extensions>
    </Filter>
    <Filter Include="Header Files">
      <UniqueIdentifier>{93995380-89BD-4b04-88EB-625FBE52EBFB}</UniqueIdentifier>
      <Extensions>h;hh;hpp;hxx;hm;inl;inc;xsd</Extensions>
    </Filter>
    <Filter Include="Resource Files">
      <UniqueIdentifier>{D9D6E242-F8AF-46E4-B9FD-80ECBC20BA3E}</UniqueIdentifier>
      <Extensions>qrc;*</Extensions>
      <ParseFiles>false</ParseFiles>
    </Filter>
    <Filter Include="Form Files">
      <UniqueIdentifier>{99349809-55BA-4b9d-BF79-8FDBB0286EB3}</UniqueIdentifier>
      <Extensions>ui</Extensions>
    </Filter>
    <Filter Include="Resource Files">
      <UniqueIdentifier>{D9D6E242-F8AF-46E4-B9FD-80ECBC20BA3E}</UniqueIdentifier>
      <Extensions>qrc;*</Extensions>
      <ParseFiles>false</ParseFiles>
    </Filter>
    <Filter Include="Source Files\SighUpForm">
      <UniqueIdentifier>{aa9793b2-40a1-4ba8-b8a8-6b7ec2af82e9}</UniqueIdentifier>
    </Filter>
    <Filter Include="Form Files\SighUpForm">
      <UniqueIdentifier>{1af5f46f-9fdd-4776-a65b-62f4b71a5598}</UniqueIdentifier>
    </Filter>
    <Filter Include="Header Files\SighUpForm">
      <UniqueIdentifier>{b2c5afea-d654-4ed6-a210-b44d9b2327e5}</UniqueIdentifier>
    </Filter>
    <Filter Include="Config">
      <UniqueIdentifier>{f764e962-50bc-4fd8-a461-04747580010a}</UniqueIdentifier>
    </Filter>
    <Filter Include="Constant">
      <UniqueIdentifier>{1101ddc3-a7f3-4028-b7e0-08baffb68eda}</UniqueIdentifier>
    </Filter>
    <Filter Include="Header Files\CommonUtils">
      <UniqueIdentifier>{6cc40f2f-b905-431f-8678-17fb06a1857e}</UniqueIdentifier>
    </Filter>
    <Filter Include="Source Files\CommonUtils">
      <UniqueIdentifier>{7ed59ef1-6d04-4b09-8be3-2c1f269d2450}</UniqueIdentifier>
    </Filter>
    <Filter Include="Header Files\Contents">
      <UniqueIdentifier>{e2d1e4fa-3d14-4ac4-90c3-cb79b3c91263}</UniqueIdentifier>
    </Filter>
    <Filter Include="Source Files\MessageForm">
      <UniqueIdentifier>{ef38ea1b-db42-4198-8199-783576605434}</UniqueIdentifier>
    </Filter>
    <Filter Include="Header Files\MessageForm">
      <UniqueIdentifier>{07b62f4a-4d96-41ec-9fb4-ba5d8400d46e}</UniqueIdentifier>
    </Filter>
    <Filter Include="Header Files\CommonWidget">
      <UniqueIdentifier>{546aae81-c32c-4119-b146-361d5ae2410d}</UniqueIdentifier>
    </Filter>
    <Filter Include="Source Files\CommonWidget">
      <UniqueIdentifier>{017e944e-e268-4d94-b00a-ec94be29a93e}</UniqueIdentifier>
    </Filter>
    <Filter Include="Form Files\MessageForm">
      <UniqueIdentifier>{5da4f753-a5eb-4c91-8195-f93c6b59b2cc}</UniqueIdentifier>
    </Filter>
    <Filter Include="Form Files\CommonWidget">
      <UniqueIdentifier>{3035958a-4419-4fbf-9d34-a8b6491df5dd}</UniqueIdentifier>
    </Filter>
  </ItemGroup>
  <ItemGroup>
    <ClCompile Include="main.cpp">
      <Filter>Source Files</Filter>
    </ClCompile>
    <ClCompile Include="UsChat.cpp">
      <Filter>Source Files\SighUpForm</Filter>
    </ClCompile>
    <ClCompile Include="EncryptUtils.cpp">
      <Filter>Source Files\CommonUtils</Filter>
    </ClCompile>
    <ClCompile Include="FileUtils.cpp">
      <Filter>Source Files\CommonUtils</Filter>
    </ClCompile>
    <ClCompile Include="QStringUtils.cpp">
      <Filter>Source Files\CommonUtils</Filter>
    </ClCompile>
    <ClCompile Include="Scroll_GridLayout.cpp">
      <Filter>Source Files\CommonWidget</Filter>
    </ClCompile>
    <ClCompile Include="TextListItem.cpp">
      <Filter>Source Files\MessageForm</Filter>
    </ClCompile>
    <ClCompile Include="TextListScroll.cpp">
      <Filter>Source Files\MessageForm</Filter>
    </ClCompile>
  </ItemGroup>
  <ItemGroup>
    <QtRcc Include="UsChat.qrc">
      <Filter>Resource Files</Filter>
    </QtRcc>
  </ItemGroup>
  <ItemGroup>
    <QtUic Include="UsChat.ui">
      <Filter>Form Files\SighUpForm</Filter>
    </QtUic>
    <QtUic Include="TextListItem.ui">
      <Filter>Form Files\MessageForm</Filter>
    </QtUic>
    <QtUic Include="ListScroll.ui">
      <Filter>Form Files\CommonWidget</Filter>
    </QtUic>
  </ItemGroup>
  <ItemGroup>
    <QtMoc Include="UsChat.h">
      <Filter>Header Files\SighUpForm</Filter>
    </QtMoc>
    <QtMoc Include="Scroll_GridLayout.h">
      <Filter>Header Files\CommonWidget</Filter>
    </QtMoc>
    <QtMoc Include="TextListItem.h">
      <Filter>Header Files\MessageForm</Filter>
    </QtMoc>
  </ItemGroup>
  <ItemGroup>
    <ClInclude Include="CommonConfig.h">
      <Filter>Config</Filter>
    </ClInclude>
    <ClInclude Include="LoginConfig.h">
      <Filter>Config</Filter>
    </ClInclude>
    <ClInclude Include="UserConfig.h">
      <Filter>Config</Filter>
    </ClInclude>
    <ClInclude Include="IncludeConfig.h">
      <Filter>Config</Filter>
    </ClInclude>
    <ClInclude Include="CommonConstant.h">
      <Filter>Constant</Filter>
    </ClInclude>
    <ClInclude Include="LoginConstant.h">
      <Filter>Constant</Filter>
    </ClInclude>
    <ClInclude Include="UserConstant.h">
      <Filter>Constant</Filter>
    </ClInclude>
    <ClInclude Include="MD5Utils.h">
      <Filter>Header Files\CommonUtils</Filter>
    </ClInclude>
    <ClInclude Include="EncryptUtils.h">
      <Filter>Header Files\CommonUtils</Filter>
    </ClInclude>
    <ClInclude Include="FileUtils.h">
      <Filter>Header Files\CommonUtils</Filter>
    </ClInclude>
    <ClInclude Include="TextConstant.h">
      <Filter>Constant</Filter>
    </ClInclude>
    <ClInclude Include="QStringUtils.h">
      <Filter>Header Files\CommonUtils</Filter>
    </ClInclude>
    <ClInclude Include="UtilContent.h">
      <Filter>Header Files\Contents</Filter>
    </ClInclude>
    <ClInclude Include="TextListScroll.h">
      <Filter>Header Files\MessageForm</Filter>
    </ClInclude>
  </ItemGroup>
</Project>